// !$*UTF8*$!
{
	archiveVersion = 1;
	classes = {
	};
	objectVersion = 46;
	objects = {

/* Begin PBXBuildFile section */
		3AB03A191C2EA75700149B1D /* main.m in Sources */ = {isa = PBXBuildFile; fileRef = 3AB03A181C2EA75700149B1D /* main.m */; };
		3AB03A1C1C2EA75700149B1D /* AppDelegate.m in Sources */ = {isa = PBXBuildFile; fileRef = 3AB03A1B1C2EA75700149B1D /* AppDelegate.m */; };
		3AB03A1F1C2EA75700149B1D /* ViewController.m in Sources */ = {isa = PBXBuildFile; fileRef = 3AB03A1E1C2EA75700149B1D /* ViewController.m */; };
		3AB03A221C2EA75700149B1D /* Main.storyboard in Resources */ = {isa = PBXBuildFile; fileRef = 3AB03A201C2EA75700149B1D /* Main.storyboard */; };
		3AB03A241C2EA75700149B1D /* Assets.xcassets in Resources */ = {isa = PBXBuildFile; fileRef = 3AB03A231C2EA75700149B1D /* Assets.xcassets */; };
		3AB03A271C2EA75700149B1D /* LaunchScreen.storyboard in Resources */ = {isa = PBXBuildFile; fileRef = 3AB03A251C2EA75700149B1D /* LaunchScreen.storyboard */; };
		3AB03A311C2EA7DE00149B1D /* AFCurvedArrowView.m in Sources */ = {isa = PBXBuildFile; fileRef = 3AB03A301C2EA7DE00149B1D /* AFCurvedArrowView.m */; };
/* End PBXBuildFile section */

/* Begin PBXFileReference section */
		3AB03A141C2EA75700149B1D /* AFCurvedArrowViewDemo.app */ = {isa = PBXFileReference; explicitFileType = wrapper.application; includeInIndex = 0; path = AFCurvedArrowViewDemo.app; sourceTree = BUILT_PRODUCTS_DIR; };
		3AB03A181C2EA75700149B1D /* main.m */ = {isa = PBXFileReference; lastKnownFileType = sourcecode.c.objc; path = main.m; sourceTree = "<group>"; };
		3AB03A1A1C2EA75700149B1D /* AppDelegate.h */ = {isa = PBXFileReference; lastKnownFileType = sourcecode.c.h; path = AppDelegate.h; sourceTree = "<group>"; };
		3AB03A1B1C2EA75700149B1D /* AppDelegate.m */ = {isa = PBXFileReference; lastKnownFileType = sourcecode.c.objc; path = AppDelegate.m; sourceTree = "<group>"; };
		3AB03A1D1C2EA75700149B1D /* ViewController.h */ = {isa = PBXFileReference; lastKnownFileType = sourcecode.c.h; path = ViewController.h; sourceTree = "<group>"; };
		3AB03A1E1C2EA75700149B1D /* ViewController.m */ = {isa = PBXFileReference; lastKnownFileType = sourcecode.c.objc; path = ViewController.m; sourceTree = "<group>"; };
		3AB03A211C2EA75700149B1D /* Base */ = {isa = PBXFileReference; lastKnownFileType = file.storyboard; name = Base; path = Base.lproj/Main.storyboard; sourceTree = "<group>"; };
		3AB03A231C2EA75700149B1D /* Assets.xcassets */ = {isa = PBXFileReference; lastKnownFileType = folder.assetcatalog; path = Assets.xcassets; sourceTree = "<group>"; };
		3AB03A261C2EA75700149B1D /* Base */ = {isa = PBXFileReference; lastKnownFileType = file.storyboard; name = Base; path = Base.lproj/LaunchScreen.storyboard; sourceTree = "<group>"; };
		3AB03A281C2EA75700149B1D /* Info.plist */ = {isa = PBXFileReference; lastKnownFileType = text.plist.xml; path = Info.plist; sourceTree = "<group>"; };
		3AB03A2F1C2EA7DE00149B1D /* AFCurvedArrowView.h */ = {isa = PBXFileReference; fileEncoding = 4; lastKnownFileType = sourcecode.c.h; path = AFCurvedArrowView.h; sourceTree = "<group>"; };
		3AB03A301C2EA7DE00149B1D /* AFCurvedArrowView.m */ = {isa = PBXFileReference; fileEncoding = 4; lastKnownFileType = sourcecode.c.objc; path = AFCurvedArrowView.m; sourceTree = "<group>"; };
/* End PBXFileReference section */

/* Begin PBXFrameworksBuildPhase section */
		3AB03A111C2EA75700149B1D /* Frameworks */ = {
			isa = PBXFrameworksBuildPhase;
			buildActionMask = 2147483647;
			files = (
			);
			runOnlyForDeploymentPostprocessing = 0;
		};
/* End PBXFrameworksBuildPhase section */

/* Begin PBXGroup section */
		3AB03A0B1C2EA75700149B1D = {
			isa = PBXGroup;
			children = (
				3AB03A2E1C2EA7DE00149B1D /* AFCurvedArrowView */,
				3AB03A161C2EA75700149B1D /* AFCurvedArrowViewDemo */,
				3AB03A151C2EA75700149B1D /* Products */,
			);
			sourceTree = "<group>";
		};
		3AB03A151C2EA75700149B1D /* Products */ = {
			isa = PBXGroup;
			children = (
				3AB03A141C2EA75700149B1D /* AFCurvedArrowViewDemo.app */,
			);
			name = Products;
			sourceTree = "<group>";
		};
		3AB03A161C2EA75700149B1D /* AFCurvedArrowViewDemo */ = {
			isa = PBXGroup;
			children = (
				3AB03A1A1C2EA75700149B1D /* AppDelegate.h */,
				3AB03A1B1C2EA75700149B1D /* AppDelegate.m */,
				3AB03A1D1C2EA75700149B1D /* ViewController.h */,
				3AB03A1E1C2EA75700149B1D /* ViewController.m */,
				3AB03A201C2EA75700149B1D /* Main.storyboard */,
				3AB03A231C2EA75700149B1D /* Assets.xcassets */,
				3AB03A251C2EA75700149B1D /* LaunchScreen.storyboard */,
				3AB03A281C2EA75700149B1D /* Info.plist */,
				3AB03A171C2EA75700149B1D /* Supporting Files */,
			);
			path = AFCurvedArrowViewDemo;
			sourceTree = "<group>";
		};
		3AB03A171C2EA75700149B1D /* Supporting Files */ = {
			isa = PBXGroup;
			children = (
				3AB03A181C2EA75700149B1D /* main.m */,
			);
			name = "Supporting Files";
			sourceTree = "<group>";
		};
		3AB03A2E1C2EA7DE00149B1D /* AFCurvedArrowView */ = {
			isa = PBXGroup;
			children = (
				3AB03A2F1C2EA7DE00149B1D /* AFCurvedArrowView.h */,
				3AB03A301C2EA7DE00149B1D /* AFCurvedArrowView.m */,
			);
			name = AFCurvedArrowView;
			path = ../AFCurvedArrowView;
			sourceTree = "<group>";
		};
/* End PBXGroup section */

/* Begin PBXNativeTarget section */
		3AB03A131C2EA75700149B1D /* AFCurvedArrowViewDemo */ = {
			isa = PBXNativeTarget;
			buildConfigurationList = 3AB03A2B1C2EA75700149B1D /* Build configuration list for PBXNativeTarget "AFCurvedArrowViewDemo" */;
			buildPhases = (
				3AB03A101C2EA75700149B1D /* Sources */,
				3AB03A111C2EA75700149B1D /* Frameworks */,
				3AB03A121C2EA75700149B1D /* Resources */,
			);
			buildRules = (
			);
			dependencies = (
			);
			name = AFCurvedArrowViewDemo;
			productName = AFCurvedArrowViewDemo;
			productReference = 3AB03A141C2EA75700149B1D /* AFCurvedArrowViewDemo.app */;
			productType = "com.apple.product-type.application";
		};
/* End PBXNativeTarget section */

/* Begin PBXProject section */
		3AB03A0C1C2EA75700149B1D /* Project object */ = {
			isa = PBXProject;
			attributes = {
				LastUpgradeCheck = 0720;
				ORGANIZATIONNAME = "Anton Filimonov";
				TargetAttributes = {
					3AB03A131C2EA75700149B1D = {
						CreatedOnToolsVersion = 7.2;
					};
				};
			};
			buildConfigurationList = 3AB03A0F1C2EA75700149B1D /* Build configuration list for PBXProject "AFCurvedArrowViewDemo" */;
			compatibilityVersion = "Xcode 3.2";
			developmentRegion = English;
			hasScannedForEncodings = 0;
			knownRegions = (
				en,
				Base,
			);
			mainGroup = 3AB03A0B1C2EA75700149B1D;
			productRefGroup = 3AB03A151C2EA75700149B1D /* Products */;
			projectDirPath = "";
			projectRoot = "";
			targets = (
				3AB03A131C2EA75700149B1D /* AFCurvedArrowViewDemo */,
			);
		};
/* End PBXProject section */

/* Begin PBXResourcesBuildPhase section */
		3AB03A121C2EA75700149B1D /* Resources */ = {
			isa = PBXResourcesBuildPhase;
			buildActionMask = 2147483647;
			files = (
				3AB03A271C2EA75700149B1D /* LaunchScreen.storyboard in Resources */,
				3AB03A241C2EA75700149B1D /* Assets.xcassets in Resources */,
				3AB03A221C2EA75700149B1D /* Main.storyboard in Resources */,
			);
			runOnlyForDeploymentPostprocessing = 0;
		};
/* End PBXResourcesBuildPhase section */

/* Begin PBXSourcesBuildPhase section */
		3AB03A101C2EA75700149B1D /* Sources */ = {
			isa = PBXSourcesBuildPhase;
			buildActionMask = 2147483647;
			files = (
				3AB03A311C2EA7DE00149B1D /* AFCurvedArrowView.m in Sources */,
				3AB03A1F1C2EA75700149B1D /* ViewController.m in Sources */,
				3AB03A1C1C2EA75700149B1D /* AppDelegate.m in Sources */,
				3AB03A191C2EA75700149B1D /* main.m in Sources */,
			);
			runOnlyForDeploymentPostprocessing = 0;
		};
/* End PBXSourcesBuildPhase section */

/* Begin PBXVariantGroup section */
		3AB03A201C2EA75700149B1D /* Main.storyboard */ = {
			isa = PBXVariantGroup;
			children = (
				3AB03A211C2EA75700149B1D /* Base */,
			);
			name = Main.storyboard;
			sourceTree = "<group>";
		};
		3AB03A251C2EA75700149B1D /* LaunchScreen.storyboard */ = {
			isa = PBXVariantGroup;
			children = (
				3AB03A261C2EA75700149B1D /* Base */,
			);
			name = LaunchScreen.storyboard;
			sourceTree = "<group>";
		};
/* End PBXVariantGroup section */

/* Begin XCBuildConfiguration section */
		3AB03A291C2EA75700149B1D /* Debug */ = {
			isa = XCBuildConfiguration;
			buildSettings = {
				ALWAYS_SEARCH_USER_PATHS = NO;
				CLANG_CXX_LANGUAGE_STANDARD = "gnu++0x";
				CLANG_CXX_LIBRARY = "libc++";
				CLANG_ENABLE_MODULES = YES;
				CLANG_ENABLE_OBJC_ARC = YES;
				CLANG_WARN_BOOL_CONVERSION = YES;
				CLANG_WARN_CONSTANT_CONVERSION = YES;
				CLANG_WARN_DIRECT_OBJC_ISA_USAGE = YES_ERROR;
				CLANG_WARN_EMPTY_BODY = YES;
				CLANG_WARN_ENUM_CONVERSION = YES;
				CLANG_WARN_INT_CONVERSION = YES;
				CLANG_WARN_OBJC_ROOT_CLASS = YES_ERROR;
				CLANG_WARN_UNREACHABLE_CODE = YES;
				CLANG_WARN__DUPLICATE_METHOD_MATCH = YES;
				"CODE_SIGN_IDENTITY[sdk=iphoneos*]" = "iPhone Developer";
				COPY_PHASE_STRIP = NO;
				DEBUG_INFORMATION_FORMAT = dwarf;
				ENABLE_STRICT_OBJC_MSGSEND = YES;
				ENABLE_TESTABILITY = YES;
				GCC_C_LANGUAGE_STANDARD = gnu99;
				GCC_DYNAMIC_NO_PIC = NO;
				GCC_NO_COMMON_BLOCKS = YES;
				GCC_OPTIMIZATION_LEVEL = 0;
				GCC_PREPROCESSOR_DEFINITIONS = (
					"DEBUG=1",
					"$(inherited)",
				);
				GCC_WARN_64_TO_32_BIT_CONVERSION = YES;
				GCC_WARN_ABOUT_RETURN_TYPE = YES_ERROR;
				GCC_WARN_UNDECLARED_SELECTOR = YES;
				GCC_WARN_UNINITIALIZED_AUTOS = YES_AGGRESSIVE;
				GCC_WARN_UNUSED_FUNCTION = YES;
				GCC_WARN_UNUSED_VARIABLE = YES;
				IPHONEOS_DEPLOYMENT_TARGET = 7.0;
				MTL_ENABLE_DEBUG_INFO = YES;
				ONLY_ACTIVE_ARCH = YES;
				SDKROOT = iphoneos;
			};
			name = Debug;
		};
		3AB03A2A1C2EA75700149B1D /* Release */ = {
			isa = XCBuildConfiguration;
			buildSettings = {
				ALWAYS_SEARCH_USER_PATHS = NO;
				CLANG_CXX_LANGUAGE_STANDARD = "gnu++0x";
				CLANG_CXX_LIBRARY = "libc++";
				CLANG_ENABLE_MODULES = YES;
				CLANG_ENABLE_OBJC_ARC = YES;
				CLANG_WARN_BOOL_CONVERSION = YES;
				CLANG_WARN_CONSTANT_CONVERSION = YES;
				CLANG_WARN_DIRECT_OBJC_ISA_USAGE = YES_ERROR;
				CLANG_WARN_EMPTY_BODY = YES;
				CLANG_WARN_ENUM_CONVERSION = YES;
				CLANG_WARN_INT_CONVERSION = YES;
				CLANG_WARN_OBJC_ROOT_CLASS = YES_ERROR;
				CLANG_WARN_UNREACHABLE_CODE = YES;
				CLANG_WARN__DUPLICATE_METHOD_MATCH = YES;
				"CODE_SIGN_IDENTITY[sdk=iphoneos*]" = "iPhone Developer";
				COPY_PHASE_STRIP = NO;
				DEBUG_INFORMATION_FORMAT = "dwarf-with-dsym";
				ENABLE_NS_ASSERTIONS = NO;
				ENABLE_STRICT_OBJC_MSGSEND = YES;
				GCC_C_LANGUAGE_STANDARD = gnu99;
				GCC_NO_COMMON_BLOCKS = YES;
				GCC_WARN_64_TO_32_BIT_CONVERSION = YES;
				GCC_WARN_ABOUT_RETURN_TYPE = YES_ERROR;
				GCC_WARN_UNDECLARED_SELECTOR = YES;
				GCC_WARN_UNINITIALIZED_AUTOS = YES_AGGRESSIVE;
				GCC_WARN_UNUSED_FUNCTION = YES;
				GCC_WARN_UNUSED_VARIABLE = YES;
				IPHONEOS_DEPLOYMENT_TARGET = 7.0;
				MTL_ENABLE_DEBUG_INFO = NO;
				SDKROOT = iphoneos;
				VALIDATE_PRODUCT = YES;
			};
			name = Release;
		};
		3AB03A2C1C2EA75700149B1D /* Debug */ = {
			isa = XCBuildConfiguration;
			buildSettings = {
				ASSETCATALOG_COMPILER_APPICON_NAME = AppIcon;
				HEADER_SEARCH_PATHS = "$(PROJECT_DIR)/../AFCurvedArrowView";
				INFOPLIST_FILE = AFCurvedArrowViewDemo/Info.plist;
				LD_RUNPATH_SEARCH_PATHS = "$(inherited) @executable_path/Frameworks";
				PRODUCT_BUNDLE_IDENTIFIER = ru.antonfilimonov.AFCurvedArrowViewDemo;
				PRODUCT_NAME = "$(TARGET_NAME)";
			};
			name = Debug;
		};
		3AB03A2D1C2EA75700149B1D /* Release */ = {
			isa = XCBuildConfiguration;
			buildSettings = {
				ASSETCATALOG_COMPILER_APPICON_NAME = AppIcon;
				HEADER_SEARCH_PATHS = "$(PROJECT_DIR)/../AFCurvedArrowView";
				INFOPLIST_FILE = AFCurvedArrowViewDemo/Info.plist;
				LD_RUNPATH_SEARCH_PATHS = "$(inherited) @executable_path/Frameworks";
				PRODUCT_BUNDLE_IDENTIFIER = ru.antonfilimonov.AFCurvedArrowViewDemo;
				PRODUCT_NAME = "$(TARGET_NAME)";
			};
			name = Release;
		};
/* End XCBuildConfiguration section */

/* Begin XCConfigurationList section */
		3AB03A0F1C2EA75700149B1D /* Build configuration list for PBXProject "AFCurvedArrowViewDemo" */ = {
			isa = XCConfigurationList;
			buildConfigurations = (
				3AB03A291C2EA75700149B1D /* Debug */,
				3AB03A2A1C2EA75700149B1D /* Release */,
			);
			defaultConfigurationIsVisible = 0;
			defaultConfigurationName = Release;
		};
		3AB03A2B1C2EA75700149B1D /* Build configuration list for PBXNativeTarget "AFCurvedArrowViewDemo" */ = {
			isa = XCConfigurationList;
			buildConfigurations = (
				3AB03A2C1C2EA75700149B1D /* Debug */,
				3AB03A2D1C2EA75700149B1D /* Release */,
			);
			defaultConfigurationIsVisible = 0;
		};
/* End XCConfigurationList section */
	};
	rootObject = 3AB03A0C1C2EA75700149B1D /* Project object */;
}
